// !$*UTF8*$!
{
	archiveVersion = 1;
	classes = {
	};
	objectVersion = 77;
	objects = {

/* Begin PBXBuildFile section */
		A10000010000000000000001 /* PapagaioApp.swift in Sources */ = {isa = PBXBuildFile; fileRef = A20000010000000000000001 /* PapagaioApp.swift */; };
		A10000010000000000000002 /* PapagaioTests.swift in Sources */ = {isa = PBXBuildFile; fileRef = A20000010000000000000005 /* PapagaioTests.swift */; };
/* End PBXBuildFile section */

/* Begin PBXFileReference section */
		A20000010000000000000001 /* PapagaioApp.swift */ = {isa = PBXFileReference; lastKnownFileType = sourcecode.swift; path = PapagaioApp.swift; sourceTree = "<group>"; };
		A20000010000000000000002 /* Info.plist */ = {isa = PBXFileReference; lastKnownFileType = text.plist.xml; path = Info.plist; sourceTree = "<group>"; };
		A20000010000000000000003 /* Papagaio.entitlements */ = {isa = PBXFileReference; lastKnownFileType = text.plist.entitlements; path = Papagaio.entitlements; sourceTree = "<group>"; };
		A20000010000000000000004 /* Papagaio.app */ = {isa = PBXFileReference; explicitFileType = wrapper.application; includeInIndex = 0; path = Papagaio.app; sourceTree = BUILT_PRODUCTS_DIR; };
		A20000010000000000000005 /* PapagaioTests.swift */ = {isa = PBXFileReference; lastKnownFileType = sourcecode.swift; path = PapagaioTests.swift; sourceTree = "<group>"; };
		A20000010000000000000006 /* PapagaioTests.xctest */ = {isa = PBXFileReference; explicitFileType = wrapper.cfbundle; includeInIndex = 0; path = PapagaioTests.xctest; sourceTree = BUILT_PRODUCTS_DIR; };
/* End PBXFileReference section */

/* Begin PBXFrameworksBuildPhase section */
		A30000010000000000000001 /* Frameworks */ = {
			isa = PBXFrameworksBuildPhase;
			buildActionMask = 2147483647;
			files = (
			);
			runOnlyForDeploymentPostprocessing = 0;
		};
		A30000010000000000000002 /* Frameworks */ = {
			isa = PBXFrameworksBuildPhase;
			buildActionMask = 2147483647;
			files = (
			);
			runOnlyForDeploymentPostprocessing = 0;
		};
/* End PBXFrameworksBuildPhase section */

/* Begin PBXGroup section */
		A40000010000000000000001 = {
			isa = PBXGroup;
			children = (
				A40000010000000000000002 /* Papagaio */,
				A40000010000000000000003 /* PapagaioTests */,
				A40000010000000000000004 /* Products */,
			);
			sourceTree = "<group>";
		};
		A40000010000000000000002 /* Papagaio */ = {
			isa = PBXGroup;
			children = (
				A20000010000000000000001 /* PapagaioApp.swift */,
				A20000010000000000000002 /* Info.plist */,
				A20000010000000000000003 /* Papagaio.entitlements */,
			);
			path = Papagaio;
			sourceTree = "<group>";
		};
		A40000010000000000000003 /* PapagaioTests */ = {
			isa = PBXGroup;
			children = (
				A20000010000000000000005 /* PapagaioTests.swift */,
			);
			path = PapagaioTests;
			sourceTree = "<group>";
		};
		A40000010000000000000004 /* Products */ = {
			isa = PBXGroup;
			children = (
				A20000010000000000000004 /* Papagaio.app */,
				A20000010000000000000006 /* PapagaioTests.xctest */,
			);
			name = Products;
			sourceTree = "<group>";
		};
/* End PBXGroup section */

/* Begin PBXNativeTarget section */
		A50000010000000000000001 /* Papagaio */ = {
			isa = PBXNativeTarget;
			buildConfigurationList = A60000010000000000000001 /* Build configuration list for PBXNativeTarget "Papagaio" */;
			buildPhases = (
				A30000010000000000000003 /* Sources */,
				A30000010000000000000001 /* Frameworks */,
				A30000010000000000000004 /* Resources */,
			);
			buildRules = (
			);
			dependencies = (
			);
			name = Papagaio;
			productName = Papagaio;
			productReference = A20000010000000000000004 /* Papagaio.app */;
			productType = "com.apple.product-type.application";
		};
		A50000010000000000000002 /* PapagaioTests */ = {
			isa = PBXNativeTarget;
			buildConfigurationList = A60000010000000000000002 /* Build configuration list for PBXNativeTarget "PapagaioTests" */;
			buildPhases = (
				A30000010000000000000005 /* Sources */,
				A30000010000000000000002 /* Frameworks */,
				A30000010000000000000006 /* Resources */,
			);
			buildRules = (
			);
			dependencies = (
			);
			name = PapagaioTests;
			productName = PapagaioTests;
			productReference = A20000010000000000000006 /* PapagaioTests.xctest */;
			productType = "com.apple.product-type.bundle.unit-test";
		};
/* End PBXNativeTarget section */

/* Begin PBXProject section */
		A70000010000000000000001 /* Project object */ = {
			isa = PBXProject;
			attributes = {
				BuildIndependentTargetsInParallel = 1;
				LastUpgradeCheck = 2660;
				TargetAttributes = {
					A50000010000000000000001 = {
						CreatedOnToolsVersion = 26.0;
					};
					A50000010000000000000002 = {
						CreatedOnToolsVersion = 26.0;
						TestTargetID = A50000010000000000000001;
					};
				};
			};
			buildConfigurationList = A60000010000000000000003 /* Build configuration list for PBXProject "Papagaio" */;
			compatibilityVersion = "Xcode 16.0";
			developmentRegion = en;
			hasScannedForEncodings = 0;
			knownRegions = (
				en,
				Base,
			);
			mainGroup = A40000010000000000000001;
			productRefGroup = A40000010000000000000004 /* Products */;
			projectDirPath = "";
			projectRoot = "";
			targets = (
				A50000010000000000000001 /* Papagaio */,
				A50000010000000000000002 /* PapagaioTests */,
			);
		};
/* End PBXProject section */

/* Begin PBXResourcesBuildPhase section */
		A30000010000000000000004 /* Resources */ = {
			isa = PBXResourcesBuildPhase;
			buildActionMask = 2147483647;
			files = (
			);
			runOnlyForDeploymentPostprocessing = 0;
		};
		A30000010000000000000006 /* Resources */ = {
			isa = PBXResourcesBuildPhase;
			buildActionMask = 2147483647;
			files = (
			);
			runOnlyForDeploymentPostprocessing = 0;
		};
/* End PBXResourcesBuildPhase section */

/* Begin PBXSourcesBuildPhase section */
		A30000010000000000000003 /* Sources */ = {
			isa = PBXSourcesBuildPhase;
			buildActionMask = 2147483647;
			files = (
				A10000010000000000000001 /* PapagaioApp.swift in Sources */,
			);
			runOnlyForDeploymentPostprocessing = 0;
		};
		A30000010000000000000005 /* Sources */ = {
			isa = PBXSourcesBuildPhase;
			buildActionMask = 2147483647;
			files = (
				A10000010000000000000002 /* PapagaioTests.swift in Sources */,
			);
			runOnlyForDeploymentPostprocessing = 0;
		};
/* End PBXSourcesBuildPhase section */

/* Begin XCBuildConfiguration section */
		A80000010000000000000001 /* Debug */ = {
			isa = XCBuildConfiguration;
			buildSettings = {
				ALWAYS_SEARCH_USER_PATHS = NO;
				CLANG_ENABLE_MODULES = YES;
				CLANG_ENABLE_OBJC_ARC = YES;
				MACOSX_DEPLOYMENT_TARGET = 26.0;
				SDKROOT = macosx;
				SWIFT_STRICT_CONCURRENCY = complete;
				SWIFT_VERSION = 6.0;
			};
			name = Debug;
		};
		A80000010000000000000002 /* Release */ = {
			isa = XCBuildConfiguration;
			buildSettings = {
				ALWAYS_SEARCH_USER_PATHS = NO;
				CLANG_ENABLE_MODULES = YES;
				CLANG_ENABLE_OBJC_ARC = YES;
				MACOSX_DEPLOYMENT_TARGET = 26.0;
				SDKROOT = macosx;
				SWIFT_STRICT_CONCURRENCY = complete;
				SWIFT_VERSION = 6.0;
			};
			name = Release;
		};
		A80000010000000000000003 /* Debug */ = {
			isa = XCBuildConfiguration;
			buildSettings = {
				CODE_SIGN_ENTITLEMENTS = Papagaio/Papagaio.entitlements;
				CODE_SIGN_STYLE = Automatic;
				GENERATE_INFOPLIST_FILE = NO;
				INFOPLIST_FILE = Papagaio/Info.plist;
				MACOSX_DEPLOYMENT_TARGET = 26.0;
				PRODUCT_BUNDLE_IDENTIFIER = com.papagaio.app;
				PRODUCT_NAME = Papagaio;
				SDKROOT = macosx;
				SWIFT_OPTIMIZATION_LEVEL = "-Onone";
				SWIFT_STRICT_CONCURRENCY = complete;
				SWIFT_VERSION = 6.0;
			};
			name = Debug;
		};
		A80000010000000000000004 /* Release */ = {
			isa = XCBuildConfiguration;
			buildSettings = {
				CODE_SIGN_ENTITLEMENTS = Papagaio/Papagaio.entitlements;
				CODE_SIGN_STYLE = Automatic;
				GENERATE_INFOPLIST_FILE = NO;
				INFOPLIST_FILE = Papagaio/Info.plist;
				MACOSX_DEPLOYMENT_TARGET = 26.0;
				PRODUCT_BUNDLE_IDENTIFIER = com.papagaio.app;
				PRODUCT_NAME = Papagaio;
				SDKROOT = macosx;
				SWIFT_OPTIMIZATION_LEVEL = "-O";
				SWIFT_STRICT_CONCURRENCY = complete;
				SWIFT_VERSION = 6.0;
			};
			name = Release;
		};
		A80000010000000000000005 /* Debug */ = {
			isa = XCBuildConfiguration;
			buildSettings = {
				BUNDLE_LOADER = "";
				GENERATE_INFOPLIST_FILE = YES;
				MACOSX_DEPLOYMENT_TARGET = 26.0;
				PRODUCT_BUNDLE_IDENTIFIER = com.papagaio.tests;
				PRODUCT_NAME = PapagaioTests;
				SDKROOT = macosx;
				SWIFT_OPTIMIZATION_LEVEL = "-Onone";
				SWIFT_STRICT_CONCURRENCY = complete;
				SWIFT_VERSION = 6.0;
			};
			name = Debug;
		};
		A80000010000000000000006 /* Release */ = {
			isa = XCBuildConfiguration;
			buildSettings = {
				BUNDLE_LOADER = "";
				GENERATE_INFOPLIST_FILE = YES;
				MACOSX_DEPLOYMENT_TARGET = 26.0;
				PRODUCT_BUNDLE_IDENTIFIER = com.papagaio.tests;
				PRODUCT_NAME = PapagaioTests;
				SDKROOT = macosx;
				SWIFT_OPTIMIZATION_LEVEL = "-O";
				SWIFT_STRICT_CONCURRENCY = complete;
				SWIFT_VERSION = 6.0;
			};
			name = Release;
		};
/* End XCBuildConfiguration section */

/* Begin XCConfigurationList section */
		A60000010000000000000001 /* Build configuration list for PBXNativeTarget "Papagaio" */ = {
			isa = XCConfigurationList;
			buildConfigurations = (
				A80000010000000000000003 /* Debug */,
				A80000010000000000000004 /* Release */,
			);
			defaultConfigurationIsVisible = 0;
			defaultConfigurationName = Release;
		};
		A60000010000000000000002 /* Build configuration list for PBXNativeTarget "PapagaioTests" */ = {
			isa = XCConfigurationList;
			buildConfigurations = (
				A80000010000000000000005 /* Debug */,
				A80000010000000000000006 /* Release */,
			);
			defaultConfigurationIsVisible = 0;
			defaultConfigurationName = Release;
		};
		A60000010000000000000003 /* Build configuration list for PBXProject "Papagaio" */ = {
			isa = XCConfigurationList;
			buildConfigurations = (
				A80000010000000000000001 /* Debug */,
				A80000010000000000000002 /* Release */,
			);
			defaultConfigurationIsVisible = 0;
			defaultConfigurationName = Release;
		};
/* End XCConfigurationList section */
	};
	rootObject = A70000010000000000000001 /* Project object */;
}
